// !$*UTF8*$!
{
	archiveVersion = 1;
	classes = {
	};
	objectVersion = 55;
	objects = {

/* Begin PBXBuildFile section */
		2C736D2A27BD794B00CDA432 /* AppDelegate.swift in Sources */ = {isa = PBXBuildFile; fileRef = 2C736D2927BD794B00CDA432 /* AppDelegate.swift */; };
		2C736D3327BD794C00CDA432 /* Assets.xcassets in Resources */ = {isa = PBXBuildFile; fileRef = 2C736D3227BD794C00CDA432 /* Assets.xcassets */; };
		2C736D3627BD794C00CDA432 /* LaunchScreen.storyboard in Resources */ = {isa = PBXBuildFile; fileRef = 2C736D3427BD794C00CDA432 /* LaunchScreen.storyboard */; };
		2C736D3F27BD7ABD00CDA432 /* AppCoordinator.swift in Sources */ = {isa = PBXBuildFile; fileRef = 2C736D3E27BD7ABD00CDA432 /* AppCoordinator.swift */; };
		2C736D4527BD7D7700CDA432 /* ListaCochesViewController.swift in Sources */ = {isa = PBXBuildFile; fileRef = 2C736D4327BD7D7700CDA432 /* ListaCochesViewController.swift */; };
		2C736D4627BD7D7700CDA432 /* ListaCochesViewController.xib in Resources */ = {isa = PBXBuildFile; fileRef = 2C736D4427BD7D7700CDA432 /* ListaCochesViewController.xib */; };
		2C736D4827BD7DD200CDA432 /* ListaCochesCoordinator.swift in Sources */ = {isa = PBXBuildFile; fileRef = 2C736D4727BD7DD200CDA432 /* ListaCochesCoordinator.swift */; };
		2C736D4C27BD959000CDA432 /* MesesCell.swift in Sources */ = {isa = PBXBuildFile; fileRef = 2C736D4A27BD959000CDA432 /* MesesCell.swift */; };
		2C736D4D27BD959000CDA432 /* MesesCell.xib in Resources */ = {isa = PBXBuildFile; fileRef = 2C736D4B27BD959000CDA432 /* MesesCell.xib */; };
		2C8A59D927BE6A6E005F2463 /* Utils.swift in Sources */ = {isa = PBXBuildFile; fileRef = 2C8A59D827BE6A6E005F2463 /* Utils.swift */; };
		2C8A59DD27BE6D71005F2463 /* ListaSuperCochesViewController.swift in Sources */ = {isa = PBXBuildFile; fileRef = 2C8A59DB27BE6D71005F2463 /* ListaSuperCochesViewController.swift */; };
		2C8A59DE27BE6D71005F2463 /* ListaSuperCochesViewController.xib in Resources */ = {isa = PBXBuildFile; fileRef = 2C8A59DC27BE6D71005F2463 /* ListaSuperCochesViewController.xib */; };
		2C8A59E027BE6DB6005F2463 /* ListaSuperCochesCoordinator.swift in Sources */ = {isa = PBXBuildFile; fileRef = 2C8A59DF27BE6DB6005F2463 /* ListaSuperCochesCoordinator.swift */; };
		2C8A59E427BE6E7C005F2463 /* HomeTabBarViewController.swift in Sources */ = {isa = PBXBuildFile; fileRef = 2C8A59E227BE6E7C005F2463 /* HomeTabBarViewController.swift */; };
		2C8A59E527BE6E7C005F2463 /* HomeTabBarViewController.xib in Resources */ = {isa = PBXBuildFile; fileRef = 2C8A59E327BE6E7C005F2463 /* HomeTabBarViewController.xib */; };
		2C8A59E727BE6E9F005F2463 /* HomeTabBarCoordinator.swift in Sources */ = {isa = PBXBuildFile; fileRef = 2C8A59E627BE6E9F005F2463 /* HomeTabBarCoordinator.swift */; };
		2C8A59EA27BE72A0005F2463 /* CochesModel.swift in Sources */ = {isa = PBXBuildFile; fileRef = 2C8A59E927BE72A0005F2463 /* CochesModel.swift */; };
		2C8A59EE27BE7751005F2463 /* CochesCell.swift in Sources */ = {isa = PBXBuildFile; fileRef = 2C8A59EC27BE7751005F2463 /* CochesCell.swift */; };
		2C8A59EF27BE7751005F2463 /* CochesCell.xib in Resources */ = {isa = PBXBuildFile; fileRef = 2C8A59ED27BE7751005F2463 /* CochesCell.xib */; };
		2C92BF3827BEB496007194DF /* ListaPerfilPostViewController.swift in Sources */ = {isa = PBXBuildFile; fileRef = 2C92BF3627BEB496007194DF /* ListaPerfilPostViewController.swift */; };
		2C92BF3927BEB496007194DF /* ListaPerfilPostViewController.xib in Resources */ = {isa = PBXBuildFile; fileRef = 2C92BF3727BEB496007194DF /* ListaPerfilPostViewController.xib */; };
		2C92BF3B27BEB5EA007194DF /* ListaPerfilPostCoordinator.swift in Sources */ = {isa = PBXBuildFile; fileRef = 2C92BF3A27BEB5EA007194DF /* ListaPerfilPostCoordinator.swift */; };
		2C92BF3F27BEBA3F007194DF /* PerfilCell.swift in Sources */ = {isa = PBXBuildFile; fileRef = 2C92BF3D27BEBA3F007194DF /* PerfilCell.swift */; };
		2C92BF4027BEBA3F007194DF /* PerfilCell.xib in Resources */ = {isa = PBXBuildFile; fileRef = 2C92BF3E27BEBA3F007194DF /* PerfilCell.xib */; };
		2C92BF4327BEBA4E007194DF /* PostCell.swift in Sources */ = {isa = PBXBuildFile; fileRef = 2C92BF4127BEBA4E007194DF /* PostCell.swift */; };
		2C92BF4427BEBA4E007194DF /* PostCell.xib in Resources */ = {isa = PBXBuildFile; fileRef = 2C92BF4227BEBA4E007194DF /* PostCell.xib */; };
		2C92BF4627BEBA67007194DF /* UserDataModel.swift in Sources */ = {isa = PBXBuildFile; fileRef = 2C92BF4527BEBA67007194DF /* UserDataModel.swift */; };
/* End PBXBuildFile section */

/* Begin PBXFileReference section */
		2C736D2627BD794B00CDA432 /* MiAppIntroduccionTableView.app */ = {isa = PBXFileReference; explicitFileType = wrapper.application; includeInIndex = 0; path = MiAppIntroduccionTableView.app; sourceTree = BUILT_PRODUCTS_DIR; };
		2C736D2927BD794B00CDA432 /* AppDelegate.swift */ = {isa = PBXFileReference; lastKnownFileType = sourcecode.swift; path = AppDelegate.swift; sourceTree = "<group>"; };
		2C736D3227BD794C00CDA432 /* Assets.xcassets */ = {isa = PBXFileReference; lastKnownFileType = folder.assetcatalog; path = Assets.xcassets; sourceTree = "<group>"; };
		2C736D3527BD794C00CDA432 /* Base */ = {isa = PBXFileReference; lastKnownFileType = file.storyboard; name = Base; path = Base.lproj/LaunchScreen.storyboard; sourceTree = "<group>"; };
		2C736D3727BD794C00CDA432 /* Info.plist */ = {isa = PBXFileReference; lastKnownFileType = text.plist.xml; path = Info.plist; sourceTree = "<group>"; };
		2C736D3E27BD7ABD00CDA432 /* AppCoordinator.swift */ = {isa = PBXFileReference; lastKnownFileType = sourcecode.swift; path = AppCoordinator.swift; sourceTree = "<group>"; };
		2C736D4327BD7D7700CDA432 /* ListaCochesViewController.swift */ = {isa = PBXFileReference; lastKnownFileType = sourcecode.swift; path = ListaCochesViewController.swift; sourceTree = "<group>"; };
		2C736D4427BD7D7700CDA432 /* ListaCochesViewController.xib */ = {isa = PBXFileReference; lastKnownFileType = file.xib; path = ListaCochesViewController.xib; sourceTree = "<group>"; };
		2C736D4727BD7DD200CDA432 /* ListaCochesCoordinator.swift */ = {isa = PBXFileReference; lastKnownFileType = sourcecode.swift; path = ListaCochesCoordinator.swift; sourceTree = "<group>"; };
		2C736D4A27BD959000CDA432 /* MesesCell.swift */ = {isa = PBXFileReference; lastKnownFileType = sourcecode.swift; path = MesesCell.swift; sourceTree = "<group>"; };
		2C736D4B27BD959000CDA432 /* MesesCell.xib */ = {isa = PBXFileReference; lastKnownFileType = file.xib; path = MesesCell.xib; sourceTree = "<group>"; };
		2C8A59D827BE6A6E005F2463 /* Utils.swift */ = {isa = PBXFileReference; lastKnownFileType = sourcecode.swift; path = Utils.swift; sourceTree = "<group>"; };
		2C8A59DB27BE6D71005F2463 /* ListaSuperCochesViewController.swift */ = {isa = PBXFileReference; lastKnownFileType = sourcecode.swift; path = ListaSuperCochesViewController.swift; sourceTree = "<group>"; };
		2C8A59DC27BE6D71005F2463 /* ListaSuperCochesViewController.xib */ = {isa = PBXFileReference; lastKnownFileType = file.xib; path = ListaSuperCochesViewController.xib; sourceTree = "<group>"; };
		2C8A59DF27BE6DB6005F2463 /* ListaSuperCochesCoordinator.swift */ = {isa = PBXFileReference; lastKnownFileType = sourcecode.swift; path = ListaSuperCochesCoordinator.swift; sourceTree = "<group>"; };
		2C8A59E227BE6E7C005F2463 /* HomeTabBarViewController.swift */ = {isa = PBXFileReference; lastKnownFileType = sourcecode.swift; path = HomeTabBarViewController.swift; sourceTree = "<group>"; };
		2C8A59E327BE6E7C005F2463 /* HomeTabBarViewController.xib */ = {isa = PBXFileReference; lastKnownFileType = file.xib; path = HomeTabBarViewController.xib; sourceTree = "<group>"; };
		2C8A59E627BE6E9F005F2463 /* HomeTabBarCoordinator.swift */ = {isa = PBXFileReference; lastKnownFileType = sourcecode.swift; path = HomeTabBarCoordinator.swift; sourceTree = "<group>"; };
		2C8A59E927BE72A0005F2463 /* CochesModel.swift */ = {isa = PBXFileReference; lastKnownFileType = sourcecode.swift; path = CochesModel.swift; sourceTree = "<group>"; };
		2C8A59EC27BE7751005F2463 /* CochesCell.swift */ = {isa = PBXFileReference; lastKnownFileType = sourcecode.swift; path = CochesCell.swift; sourceTree = "<group>"; };
		2C8A59ED27BE7751005F2463 /* CochesCell.xib */ = {isa = PBXFileReference; lastKnownFileType = file.xib; path = CochesCell.xib; sourceTree = "<group>"; };
		2C92BF3627BEB496007194DF /* ListaPerfilPostViewController.swift */ = {isa = PBXFileReference; lastKnownFileType = sourcecode.swift; path = ListaPerfilPostViewController.swift; sourceTree = "<group>"; };
		2C92BF3727BEB496007194DF /* ListaPerfilPostViewController.xib */ = {isa = PBXFileReference; lastKnownFileType = file.xib; path = ListaPerfilPostViewController.xib; sourceTree = "<group>"; };
		2C92BF3A27BEB5EA007194DF /* ListaPerfilPostCoordinator.swift */ = {isa = PBXFileReference; lastKnownFileType = sourcecode.swift; path = ListaPerfilPostCoordinator.swift; sourceTree = "<group>"; };
		2C92BF3D27BEBA3F007194DF /* PerfilCell.swift */ = {isa = PBXFileReference; lastKnownFileType = sourcecode.swift; path = PerfilCell.swift; sourceTree = "<group>"; };
		2C92BF3E27BEBA3F007194DF /* PerfilCell.xib */ = {isa = PBXFileReference; lastKnownFileType = file.xib; path = PerfilCell.xib; sourceTree = "<group>"; };
		2C92BF4127BEBA4E007194DF /* PostCell.swift */ = {isa = PBXFileReference; lastKnownFileType = sourcecode.swift; path = PostCell.swift; sourceTree = "<group>"; };
		2C92BF4227BEBA4E007194DF /* PostCell.xib */ = {isa = PBXFileReference; lastKnownFileType = file.xib; path = PostCell.xib; sourceTree = "<group>"; };
		2C92BF4527BEBA67007194DF /* UserDataModel.swift */ = {isa = PBXFileReference; lastKnownFileType = sourcecode.swift; path = UserDataModel.swift; sourceTree = "<group>"; };
/* End PBXFileReference section */

/* Begin PBXFrameworksBuildPhase section */
		2C736D2327BD794B00CDA432 /* Frameworks */ = {
			isa = PBXFrameworksBuildPhase;
			buildActionMask = 2147483647;
			files = (
			);
			runOnlyForDeploymentPostprocessing = 0;
		};
/* End PBXFrameworksBuildPhase section */

/* Begin PBXGroup section */
		2C736D1D27BD794A00CDA432 = {
			isa = PBXGroup;
			children = (
				2C736D2827BD794B00CDA432 /* MiAppIntroduccionTableView */,
				2C736D2727BD794B00CDA432 /* Products */,
			);
			sourceTree = "<group>";
		};
		2C736D2727BD794B00CDA432 /* Products */ = {
			isa = PBXGroup;
			children = (
				2C736D2627BD794B00CDA432 /* MiAppIntroduccionTableView.app */,
			);
			name = Products;
			sourceTree = "<group>";
		};
		2C736D2827BD794B00CDA432 /* MiAppIntroduccionTableView */ = {
			isa = PBXGroup;
			children = (
				2C8A59E827BE728C005F2463 /* Models */,
				2C8A59D727BE6A58005F2463 /* Utils+Helpers */,
				2C736D4027BD7CED00CDA432 /* Sources */,
				2C736D3D27BD7AAD00CDA432 /* CoreApp */,
				2C736D3227BD794C00CDA432 /* Assets.xcassets */,
				2C736D3427BD794C00CDA432 /* LaunchScreen.storyboard */,
				2C736D3727BD794C00CDA432 /* Info.plist */,
			);
			path = MiAppIntroduccionTableView;
			sourceTree = "<group>";
		};
		2C736D3D27BD7AAD00CDA432 /* CoreApp */ = {
			isa = PBXGroup;
			children = (
				2C736D2927BD794B00CDA432 /* AppDelegate.swift */,
				2C736D3E27BD7ABD00CDA432 /* AppCoordinator.swift */,
			);
			path = CoreApp;
			sourceTree = "<group>";
		};
		2C736D4027BD7CED00CDA432 /* Sources */ = {
			isa = PBXGroup;
			children = (
				2C736D4127BD7CF600CDA432 /* Modules */,
			);
			path = Sources;
			sourceTree = "<group>";
		};
		2C736D4127BD7CF600CDA432 /* Modules */ = {
			isa = PBXGroup;
			children = (
				2C92BF3527BEB457007194DF /* ListaPerfilPostView */,
				2C8A59E127BE6E45005F2463 /* HomeTabBarView */,
				2C8A59DA27BE6D33005F2463 /* ListaSuperCochesView */,
				2C736D4227BD7CFD00CDA432 /* ListaCochesView */,
			);
			path = Modules;
			sourceTree = "<group>";
		};
		2C736D4227BD7CFD00CDA432 /* ListaCochesView */ = {
			isa = PBXGroup;
			children = (
				2C736D4927BD955600CDA432 /* Cell */,
				2C736D4327BD7D7700CDA432 /* ListaCochesViewController.swift */,
				2C736D4427BD7D7700CDA432 /* ListaCochesViewController.xib */,
				2C736D4727BD7DD200CDA432 /* ListaCochesCoordinator.swift */,
			);
			path = ListaCochesView;
			sourceTree = "<group>";
		};
		2C736D4927BD955600CDA432 /* Cell */ = {
			isa = PBXGroup;
			children = (
				2C736D4A27BD959000CDA432 /* MesesCell.swift */,
				2C736D4B27BD959000CDA432 /* MesesCell.xib */,
			);
			path = Cell;
			sourceTree = "<group>";
		};
		2C8A59D727BE6A58005F2463 /* Utils+Helpers */ = {
			isa = PBXGroup;
			children = (
				2C8A59D827BE6A6E005F2463 /* Utils.swift */,
			);
			path = "Utils+Helpers";
			sourceTree = "<group>";
		};
		2C8A59DA27BE6D33005F2463 /* ListaSuperCochesView */ = {
			isa = PBXGroup;
			children = (
				2C8A59EB27BE76E4005F2463 /* Cell */,
				2C8A59DB27BE6D71005F2463 /* ListaSuperCochesViewController.swift */,
				2C8A59DC27BE6D71005F2463 /* ListaSuperCochesViewController.xib */,
				2C8A59DF27BE6DB6005F2463 /* ListaSuperCochesCoordinator.swift */,
			);
			path = ListaSuperCochesView;
			sourceTree = "<group>";
		};
		2C8A59E127BE6E45005F2463 /* HomeTabBarView */ = {
			isa = PBXGroup;
			children = (
				2C8A59E227BE6E7C005F2463 /* HomeTabBarViewController.swift */,
				2C8A59E327BE6E7C005F2463 /* HomeTabBarViewController.xib */,
				2C8A59E627BE6E9F005F2463 /* HomeTabBarCoordinator.swift */,
			);
			path = HomeTabBarView;
			sourceTree = "<group>";
		};
		2C8A59E827BE728C005F2463 /* Models */ = {
			isa = PBXGroup;
			children = (
				2C8A59E927BE72A0005F2463 /* CochesModel.swift */,
				2C92BF4527BEBA67007194DF /* UserDataModel.swift */,
			);
			path = Models;
			sourceTree = "<group>";
		};
		2C8A59EB27BE76E4005F2463 /* Cell */ = {
			isa = PBXGroup;
			children = (
				2C8A59EC27BE7751005F2463 /* CochesCell.swift */,
				2C8A59ED27BE7751005F2463 /* CochesCell.xib */,
			);
			path = Cell;
			sourceTree = "<group>";
		};
		2C92BF3527BEB457007194DF /* ListaPerfilPostView */ = {
			isa = PBXGroup;
			children = (
				2C92BF3C27BEB7B2007194DF /* Cell */,
				2C92BF3627BEB496007194DF /* ListaPerfilPostViewController.swift */,
				2C92BF3727BEB496007194DF /* ListaPerfilPostViewController.xib */,
				2C92BF3A27BEB5EA007194DF /* ListaPerfilPostCoordinator.swift */,
			);
			path = ListaPerfilPostView;
			sourceTree = "<group>";
		};
		2C92BF3C27BEB7B2007194DF /* Cell */ = {
			isa = PBXGroup;
			children = (
				2C92BF3D27BEBA3F007194DF /* PerfilCell.swift */,
				2C92BF4127BEBA4E007194DF /* PostCell.swift */,
				2C92BF4227BEBA4E007194DF /* PostCell.xib */,
				2C92BF3E27BEBA3F007194DF /* PerfilCell.xib */,
			);
			path = Cell;
			sourceTree = "<group>";
		};
/* End PBXGroup section */

/* Begin PBXNativeTarget section */
		2C736D2527BD794B00CDA432 /* MiAppIntroduccionTableView */ = {
			isa = PBXNativeTarget;
			buildConfigurationList = 2C736D3A27BD794C00CDA432 /* Build configuration list for PBXNativeTarget "MiAppIntroduccionTableView" */;
			buildPhases = (
				2C736D2227BD794B00CDA432 /* Sources */,
				2C736D2327BD794B00CDA432 /* Frameworks */,
				2C736D2427BD794B00CDA432 /* Resources */,
			);
			buildRules = (
			);
			dependencies = (
			);
			name = MiAppIntroduccionTableView;
			productName = MiAppIntroduccionTableView;
			productReference = 2C736D2627BD794B00CDA432 /* MiAppIntroduccionTableView.app */;
			productType = "com.apple.product-type.application";
		};
/* End PBXNativeTarget section */

/* Begin PBXProject section */
		2C736D1E27BD794A00CDA432 /* Project object */ = {
			isa = PBXProject;
			attributes = {
				BuildIndependentTargetsInParallel = 1;
				LastSwiftUpdateCheck = 1320;
				LastUpgradeCheck = 1320;
				TargetAttributes = {
					2C736D2527BD794B00CDA432 = {
						CreatedOnToolsVersion = 13.2.1;
					};
				};
			};
			buildConfigurationList = 2C736D2127BD794A00CDA432 /* Build configuration list for PBXProject "MiAppIntroduccionTableView" */;
			compatibilityVersion = "Xcode 13.0";
			developmentRegion = en;
			hasScannedForEncodings = 0;
			knownRegions = (
				en,
				Base,
			);
			mainGroup = 2C736D1D27BD794A00CDA432;
			productRefGroup = 2C736D2727BD794B00CDA432 /* Products */;
			projectDirPath = "";
			projectRoot = "";
			targets = (
				2C736D2527BD794B00CDA432 /* MiAppIntroduccionTableView */,
			);
		};
/* End PBXProject section */

/* Begin PBXResourcesBuildPhase section */
		2C736D2427BD794B00CDA432 /* Resources */ = {
			isa = PBXResourcesBuildPhase;
			buildActionMask = 2147483647;
			files = (
				2C736D3627BD794C00CDA432 /* LaunchScreen.storyboard in Resources */,
				2C8A59E527BE6E7C005F2463 /* HomeTabBarViewController.xib in Resources */,
				2C92BF3927BEB496007194DF /* ListaPerfilPostViewController.xib in Resources */,
				2C736D4627BD7D7700CDA432 /* ListaCochesViewController.xib in Resources */,
				2C8A59EF27BE7751005F2463 /* CochesCell.xib in Resources */,
				2C8A59DE27BE6D71005F2463 /* ListaSuperCochesViewController.xib in Resources */,
				2C736D3327BD794C00CDA432 /* Assets.xcassets in Resources */,
				2C92BF4427BEBA4E007194DF /* PostCell.xib in Resources */,
				2C92BF4027BEBA3F007194DF /* PerfilCell.xib in Resources */,
				2C736D4D27BD959000CDA432 /* MesesCell.xib in Resources */,
			);
			runOnlyForDeploymentPostprocessing = 0;
		};
/* End PBXResourcesBuildPhase section */

/* Begin PBXSourcesBuildPhase section */
		2C736D2227BD794B00CDA432 /* Sources */ = {
			isa = PBXSourcesBuildPhase;
			buildActionMask = 2147483647;
			files = (
				2C8A59EE27BE7751005F2463 /* CochesCell.swift in Sources */,
				2C8A59E427BE6E7C005F2463 /* HomeTabBarViewController.swift in Sources */,
				2C736D4C27BD959000CDA432 /* MesesCell.swift in Sources */,
				2C736D3F27BD7ABD00CDA432 /* AppCoordinator.swift in Sources */,
				2C92BF3B27BEB5EA007194DF /* ListaPerfilPostCoordinator.swift in Sources */,
				2C8A59EA27BE72A0005F2463 /* CochesModel.swift in Sources */,
				2C92BF3827BEB496007194DF /* ListaPerfilPostViewController.swift in Sources */,
				2C736D4827BD7DD200CDA432 /* ListaCochesCoordinator.swift in Sources */,
				2C8A59E027BE6DB6005F2463 /* ListaSuperCochesCoordinator.swift in Sources */,
				2C736D4527BD7D7700CDA432 /* ListaCochesViewController.swift in Sources */,
				2C736D2A27BD794B00CDA432 /* AppDelegate.swift in Sources */,
				2C8A59DD27BE6D71005F2463 /* ListaSuperCochesViewController.swift in Sources */,
				2C8A59D927BE6A6E005F2463 /* Utils.swift in Sources */,
				2C92BF3F27BEBA3F007194DF /* PerfilCell.swift in Sources */,
				2C8A59E727BE6E9F005F2463 /* HomeTabBarCoordinator.swift in Sources */,
				2C92BF4327BEBA4E007194DF /* PostCell.swift in Sources */,
				2C92BF4627BEBA67007194DF /* UserDataModel.swift in Sources */,
			);
			runOnlyForDeploymentPostprocessing = 0;
		};
/* End PBXSourcesBuildPhase section */

/* Begin PBXVariantGroup section */
		2C736D3427BD794C00CDA432 /* LaunchScreen.storyboard */ = {
			isa = PBXVariantGroup;
			children = (
				2C736D3527BD794C00CDA432 /* Base */,
			);
			name = LaunchScreen.storyboard;
			sourceTree = "<group>";
		};
/* End PBXVariantGroup section */

/* Begin XCBuildConfiguration section */
		2C736D3827BD794C00CDA432 /* Debug */ = {
			isa = XCBuildConfiguration;
			buildSettings = {
				ALWAYS_SEARCH_USER_PATHS = NO;
				CLANG_ANALYZER_NONNULL = YES;
				CLANG_ANALYZER_NUMBER_OBJECT_CONVERSION = YES_AGGRESSIVE;
				CLANG_CXX_LANGUAGE_STANDARD = "gnu++17";
				CLANG_CXX_LIBRARY = "libc++";
				CLANG_ENABLE_MODULES = YES;
				CLANG_ENABLE_OBJC_ARC = YES;
				CLANG_ENABLE_OBJC_WEAK = YES;
				CLANG_WARN_BLOCK_CAPTURE_AUTORELEASING = YES;
				CLANG_WARN_BOOL_CONVERSION = YES;
				CLANG_WARN_COMMA = YES;
				CLANG_WARN_CONSTANT_CONVERSION = YES;
				CLANG_WARN_DEPRECATED_OBJC_IMPLEMENTATIONS = YES;
				CLANG_WARN_DIRECT_OBJC_ISA_USAGE = YES_ERROR;
				CLANG_WARN_DOCUMENTATION_COMMENTS = YES;
				CLANG_WARN_EMPTY_BODY = YES;
				CLANG_WARN_ENUM_CONVERSION = YES;
				CLANG_WARN_INFINITE_RECURSION = YES;
				CLANG_WARN_INT_CONVERSION = YES;
				CLANG_WARN_NON_LITERAL_NULL_CONVERSION = YES;
				CLANG_WARN_OBJC_IMPLICIT_RETAIN_SELF = YES;
				CLANG_WARN_OBJC_LITERAL_CONVERSION = YES;
				CLANG_WARN_OBJC_ROOT_CLASS = YES_ERROR;
				CLANG_WARN_QUOTED_INCLUDE_IN_FRAMEWORK_HEADER = YES;
				CLANG_WARN_RANGE_LOOP_ANALYSIS = YES;
				CLANG_WARN_STRICT_PROTOTYPES = YES;
				CLANG_WARN_SUSPICIOUS_MOVE = YES;
				CLANG_WARN_UNGUARDED_AVAILABILITY = YES_AGGRESSIVE;
				CLANG_WARN_UNREACHABLE_CODE = YES;
				CLANG_WARN__DUPLICATE_METHOD_MATCH = YES;
				COPY_PHASE_STRIP = NO;
				DEBUG_INFORMATION_FORMAT = dwarf;
				ENABLE_STRICT_OBJC_MSGSEND = YES;
				ENABLE_TESTABILITY = YES;
				GCC_C_LANGUAGE_STANDARD = gnu11;
				GCC_DYNAMIC_NO_PIC = NO;
				GCC_NO_COMMON_BLOCKS = YES;
				GCC_OPTIMIZATION_LEVEL = 0;
				GCC_PREPROCESSOR_DEFINITIONS = (
					"DEBUG=1",
					"$(inherited)",
				);
				GCC_WARN_64_TO_32_BIT_CONVERSION = YES;
				GCC_WARN_ABOUT_RETURN_TYPE = YES_ERROR;
				GCC_WARN_UNDECLARED_SELECTOR = YES;
				GCC_WARN_UNINITIALIZED_AUTOS = YES_AGGRESSIVE;
				GCC_WARN_UNUSED_FUNCTION = YES;
				GCC_WARN_UNUSED_VARIABLE = YES;
				IPHONEOS_DEPLOYMENT_TARGET = 15.2;
				MTL_ENABLE_DEBUG_INFO = INCLUDE_SOURCE;
				MTL_FAST_MATH = YES;
				ONLY_ACTIVE_ARCH = YES;
				SDKROOT = iphoneos;
				SWIFT_ACTIVE_COMPILATION_CONDITIONS = DEBUG;
				SWIFT_OPTIMIZATION_LEVEL = "-Onone";
			};
			name = Debug;
		};
		2C736D3927BD794C00CDA432 /* Release */ = {
			isa = XCBuildConfiguration;
			buildSettings = {
				ALWAYS_SEARCH_USER_PATHS = NO;
				CLANG_ANALYZER_NONNULL = YES;
				CLANG_ANALYZER_NUMBER_OBJECT_CONVERSION = YES_AGGRESSIVE;
				CLANG_CXX_LANGUAGE_STANDARD = "gnu++17";
				CLANG_CXX_LIBRARY = "libc++";
				CLANG_ENABLE_MODULES = YES;
				CLANG_ENABLE_OBJC_ARC = YES;
				CLANG_ENABLE_OBJC_WEAK = YES;
				CLANG_WARN_BLOCK_CAPTURE_AUTORELEASING = YES;
				CLANG_WARN_BOOL_CONVERSION = YES;
				CLANG_WARN_COMMA = YES;
				CLANG_WARN_CONSTANT_CONVERSION = YES;
				CLANG_WARN_DEPRECATED_OBJC_IMPLEMENTATIONS = YES;
				CLANG_WARN_DIRECT_OBJC_ISA_USAGE = YES_ERROR;
				CLANG_WARN_DOCUMENTATION_COMMENTS = YES;
				CLANG_WARN_EMPTY_BODY = YES;
				CLANG_WARN_ENUM_CONVERSION = YES;
				CLANG_WARN_INFINITE_RECURSION = YES;
				CLANG_WARN_INT_CONVERSION = YES;
				CLANG_WARN_NON_LITERAL_NULL_CONVERSION = YES;
				CLANG_WARN_OBJC_IMPLICIT_RETAIN_SELF = YES;
				CLANG_WARN_OBJC_LITERAL_CONVERSION = YES;
				CLANG_WARN_OBJC_ROOT_CLASS = YES_ERROR;
				CLANG_WARN_QUOTED_INCLUDE_IN_FRAMEWORK_HEADER = YES;
				CLANG_WARN_RANGE_LOOP_ANALYSIS = YES;
				CLANG_WARN_STRICT_PROTOTYPES = YES;
				CLANG_WARN_SUSPICIOUS_MOVE = YES;
				CLANG_WARN_UNGUARDED_AVAILABILITY = YES_AGGRESSIVE;
				CLANG_WARN_UNREACHABLE_CODE = YES;
				CLANG_WARN__DUPLICATE_METHOD_MATCH = YES;
				COPY_PHASE_STRIP = NO;
				DEBUG_INFORMATION_FORMAT = "dwarf-with-dsym";
				ENABLE_NS_ASSERTIONS = NO;
				ENABLE_STRICT_OBJC_MSGSEND = YES;
				GCC_C_LANGUAGE_STANDARD = gnu11;
				GCC_NO_COMMON_BLOCKS = YES;
				GCC_WARN_64_TO_32_BIT_CONVERSION = YES;
				GCC_WARN_ABOUT_RETURN_TYPE = YES_ERROR;
				GCC_WARN_UNDECLARED_SELECTOR = YES;
				GCC_WARN_UNINITIALIZED_AUTOS = YES_AGGRESSIVE;
				GCC_WARN_UNUSED_FUNCTION = YES;
				GCC_WARN_UNUSED_VARIABLE = YES;
				IPHONEOS_DEPLOYMENT_TARGET = 15.2;
				MTL_ENABLE_DEBUG_INFO = NO;
				MTL_FAST_MATH = YES;
				SDKROOT = iphoneos;
				SWIFT_COMPILATION_MODE = wholemodule;
				SWIFT_OPTIMIZATION_LEVEL = "-O";
				VALIDATE_PRODUCT = YES;
			};
			name = Release;
		};
		2C736D3B27BD794C00CDA432 /* Debug */ = {
			isa = XCBuildConfiguration;
			buildSettings = {
				ASSETCATALOG_COMPILER_APPICON_NAME = AppIcon;
				ASSETCATALOG_COMPILER_GLOBAL_ACCENT_COLOR_NAME = AccentColor;
				CODE_SIGN_STYLE = Automatic;
				CURRENT_PROJECT_VERSION = 1;
				DEVELOPMENT_TEAM = NRQSWUDVWG;
				GENERATE_INFOPLIST_FILE = YES;
				INFOPLIST_FILE = MiAppIntroduccionTableView/Info.plist;
				INFOPLIST_KEY_UIApplicationSupportsIndirectInputEvents = YES;
				INFOPLIST_KEY_UILaunchStoryboardName = LaunchScreen;
				INFOPLIST_KEY_UISupportedInterfaceOrientations = UIInterfaceOrientationPortrait;
				INFOPLIST_KEY_UISupportedInterfaceOrientations_iPad = "UIInterfaceOrientationPortrait UIInterfaceOrientationPortraitUpsideDown UIInterfaceOrientationLandscapeLeft UIInterfaceOrientationLandscapeRight";
				INFOPLIST_KEY_UISupportedInterfaceOrientations_iPhone = "UIInterfaceOrientationPortrait UIInterfaceOrientationLandscapeLeft UIInterfaceOrientationLandscapeRight";
				LD_RUNPATH_SEARCH_PATHS = (
					"$(inherited)",
					"@executable_path/Frameworks",
				);
				MARKETING_VERSION = 1.0;
				PRODUCT_BUNDLE_IDENTIFIER = com.ccarrera.ios.MiAppTableView;
				PRODUCT_NAME = "$(TARGET_NAME)";
				SWIFT_EMIT_LOC_STRINGS = YES;
				SWIFT_VERSION = 5.0;
				TARGETED_DEVICE_FAMILY = 1;
			};
			name = Debug;
		};
		2C736D3C27BD794C00CDA432 /* Release */ = {
			isa = XCBuildConfiguration;
			buildSettings = {
				ASSETCATALOG_COMPILER_APPICON_NAME = AppIcon;
				ASSETCATALOG_COMPILER_GLOBAL_ACCENT_COLOR_NAME = AccentColor;
				CODE_SIGN_STYLE = Automatic;
				CURRENT_PROJECT_VERSION = 1;
				DEVELOPMENT_TEAM = NRQSWUDVWG;
				GENERATE_INFOPLIST_FILE = YES;
				INFOPLIST_FILE = MiAppIntroduccionTableView/Info.plist;
				INFOPLIST_KEY_UIApplicationSupportsIndirectInputEvents = YES;
				INFOPLIST_KEY_UILaunchStoryboardName = LaunchScreen;
				INFOPLIST_KEY_UISupportedInterfaceOrientations = UIInterfaceOrientationPortrait;
				INFOPLIST_KEY_UISupportedInterfaceOrientations_iPad = "UIInterfaceOrientationPortrait UIInterfaceOrientationPortraitUpsideDown UIInterfaceOrientationLandscapeLeft UIInterfaceOrientationLandscapeRight";
				INFOPLIST_KEY_UISupportedInterfaceOrientations_iPhone = "UIInterfaceOrientationPortrait UIInterfaceOrientationLandscapeLeft UIInterfaceOrientationLandscapeRight";
				LD_RUNPATH_SEARCH_PATHS = (
					"$(inherited)",
					"@executable_path/Frameworks",
				);
				MARKETING_VERSION = 1.0;
				PRODUCT_BUNDLE_IDENTIFIER = com.ccarrera.ios.MiAppTableView;
				PRODUCT_NAME = "$(TARGET_NAME)";
				SWIFT_EMIT_LOC_STRINGS = YES;
				SWIFT_VERSION = 5.0;
				TARGETED_DEVICE_FAMILY = 1;
			};
			name = Release;
		};
/* End XCBuildConfiguration section */

/* Begin XCConfigurationList section */
		2C736D2127BD794A00CDA432 /* Build configuration list for PBXProject "MiAppIntroduccionTableView" */ = {
			isa = XCConfigurationList;
			buildConfigurations = (
				2C736D3827BD794C00CDA432 /* Debug */,
				2C736D3927BD794C00CDA432 /* Release */,
			);
			defaultConfigurationIsVisible = 0;
			defaultConfigurationName = Release;
		};
		2C736D3A27BD794C00CDA432 /* Build configuration list for PBXNativeTarget "MiAppIntroduccionTableView" */ = {
			isa = XCConfigurationList;
			buildConfigurations = (
				2C736D3B27BD794C00CDA432 /* Debug */,
				2C736D3C27BD794C00CDA432 /* Release */,
			);
			defaultConfigurationIsVisible = 0;
			defaultConfigurationName = Release;
		};
/* End XCConfigurationList section */
	};
	rootObject = 2C736D1E27BD794A00CDA432 /* Project object */;
}
